
Microsoft Visual Studio Solution File, Format Version 12.00
# Visual Studio Version 17
VisualStudioVersion = 17.2.32616.157
MinimumVisualStudioVersion = 10.0.40219.1
Project("{FAE04EC0-301F-11D3-BF4B-00C04F79EFBC}") = "SchoolProjectWebAPI", "SchoolProjectWebAPI\SchoolProjectWebAPI.csproj", "{E4D623F7-C2F7-46CF-8200-C9A94FA87E39}"
EndProject
Global
	GlobalSection(SolutionConfigurationPlatforms) = preSolution
		Debug|Any CPU = Debug|Any CPU
		Release|Any CPU = Release|Any CPU
	EndGlobalSection
	GlobalSection(ProjectConfigurationPlatforms) = postSolution
		{E4D623F7-C2F7-46CF-8200-C9A94FA87E39}.Debug|Any CPU.ActiveCfg = Debug|Any CPU
		{E4D623F7-C2F7-46CF-8200-C9A94FA87E39}.Debug|Any CPU.Build.0 = Debug|Any CPU
		{E4D623F7-C2F7-46CF-8200-C9A94FA87E39}.Release|Any CPU.ActiveCfg = Release|Any CPU
		{E4D623F7-C2F7-46CF-8200-C9A94FA87E39}.Release|Any CPU.Build.0 = Release|Any CPU
	EndGlobalSection
	GlobalSection(SolutionProperties) = preSolution
		HideSolutionNode = FALSE
	EndGlobalSection
	GlobalSection(ExtensibilityGlobals) = postSolution
		SolutionGuid = {483DEBBA-30D5-4F9C-9651-E6DE3C4C633A}
	EndGlobalSection
EndGlobal
